// !$*UTF8*$!
{
	archiveVersion = 1;
	classes = {
	};
	objectVersion = 48;
	objects = {

/* Begin PBXBuildFile section */
		507D1A50B969DC98344996B7 /* Pods_Mapit.framework in Frameworks */ = {isa = PBXBuildFile; fileRef = A5413552DF6D2AF88154CF40 /* Pods_Mapit.framework */; };
		F594A9B320654DBB00870621 /* AppDelegate.swift in Sources */ = {isa = PBXBuildFile; fileRef = F594A9B220654DBB00870621 /* AppDelegate.swift */; };
		F594A9B520654DBB00870621 /* WelcomeVC.swift in Sources */ = {isa = PBXBuildFile; fileRef = F594A9B420654DBB00870621 /* WelcomeVC.swift */; };
		F594A9B820654DBB00870621 /* Main.storyboard in Resources */ = {isa = PBXBuildFile; fileRef = F594A9B620654DBB00870621 /* Main.storyboard */; };
		F594A9BA20654DBB00870621 /* Assets.xcassets in Resources */ = {isa = PBXBuildFile; fileRef = F594A9B920654DBB00870621 /* Assets.xcassets */; };
		F594A9BD20654DBB00870621 /* LaunchScreen.storyboard in Resources */ = {isa = PBXBuildFile; fileRef = F594A9BB20654DBB00870621 /* LaunchScreen.storyboard */; };
		F594A9C9206550F900870621 /* MapVC.swift in Sources */ = {isa = PBXBuildFile; fileRef = F594A9C8206550F900870621 /* MapVC.swift */; };
		F594A9CB2065511100870621 /* PopVC.swift in Sources */ = {isa = PBXBuildFile; fileRef = F594A9CA2065511100870621 /* PopVC.swift */; };
		F594A9CD2065522400870621 /* DroppablePin.swift in Sources */ = {isa = PBXBuildFile; fileRef = F594A9CC2065522400870621 /* DroppablePin.swift */; };
		F594A9CF2065524200870621 /* PhotoCell.swift in Sources */ = {isa = PBXBuildFile; fileRef = F594A9CE2065524200870621 /* PhotoCell.swift */; };
		F594A9D12065526100870621 /* Constant.swift in Sources */ = {isa = PBXBuildFile; fileRef = F594A9D02065526100870621 /* Constant.swift */; };
/* End PBXBuildFile section */

/* Begin PBXFileReference section */
		18AA5DB911F65F6E712DA918 /* Pods-Mapit.debug.xcconfig */ = {isa = PBXFileReference; includeInIndex = 1; lastKnownFileType = text.xcconfig; name = "Pods-Mapit.debug.xcconfig"; path = "Pods/Target Support Files/Pods-Mapit/Pods-Mapit.debug.xcconfig"; sourceTree = "<group>"; };
		A5413552DF6D2AF88154CF40 /* Pods_Mapit.framework */ = {isa = PBXFileReference; explicitFileType = wrapper.framework; includeInIndex = 0; path = Pods_Mapit.framework; sourceTree = BUILT_PRODUCTS_DIR; };
		DF2CE94A43A9F7FA251BD65A /* Pods-Mapit.release.xcconfig */ = {isa = PBXFileReference; includeInIndex = 1; lastKnownFileType = text.xcconfig; name = "Pods-Mapit.release.xcconfig"; path = "Pods/Target Support Files/Pods-Mapit/Pods-Mapit.release.xcconfig"; sourceTree = "<group>"; };
		F594A9AF20654DBB00870621 /* Mapit.app */ = {isa = PBXFileReference; explicitFileType = wrapper.application; includeInIndex = 0; path = Mapit.app; sourceTree = BUILT_PRODUCTS_DIR; };
		F594A9B220654DBB00870621 /* AppDelegate.swift */ = {isa = PBXFileReference; lastKnownFileType = sourcecode.swift; path = AppDelegate.swift; sourceTree = "<group>"; };
		F594A9B420654DBB00870621 /* WelcomeVC.swift */ = {isa = PBXFileReference; lastKnownFileType = sourcecode.swift; path = WelcomeVC.swift; sourceTree = "<group>"; };
		F594A9B720654DBB00870621 /* Base */ = {isa = PBXFileReference; lastKnownFileType = file.storyboard; name = Base; path = Base.lproj/Main.storyboard; sourceTree = "<group>"; };
		F594A9B920654DBB00870621 /* Assets.xcassets */ = {isa = PBXFileReference; lastKnownFileType = folder.assetcatalog; path = Assets.xcassets; sourceTree = "<group>"; };
		F594A9BC20654DBB00870621 /* Base */ = {isa = PBXFileReference; lastKnownFileType = file.storyboard; name = Base; path = Base.lproj/LaunchScreen.storyboard; sourceTree = "<group>"; };
		F594A9BE20654DBB00870621 /* Info.plist */ = {isa = PBXFileReference; lastKnownFileType = text.plist.xml; path = Info.plist; sourceTree = "<group>"; };
		F594A9C8206550F900870621 /* MapVC.swift */ = {isa = PBXFileReference; lastKnownFileType = sourcecode.swift; path = MapVC.swift; sourceTree = "<group>"; };
		F594A9CA2065511100870621 /* PopVC.swift */ = {isa = PBXFileReference; lastKnownFileType = sourcecode.swift; path = PopVC.swift; sourceTree = "<group>"; };
		F594A9CC2065522400870621 /* DroppablePin.swift */ = {isa = PBXFileReference; lastKnownFileType = sourcecode.swift; path = DroppablePin.swift; sourceTree = "<group>"; };
		F594A9CE2065524200870621 /* PhotoCell.swift */ = {isa = PBXFileReference; lastKnownFileType = sourcecode.swift; path = PhotoCell.swift; sourceTree = "<group>"; };
		F594A9D02065526100870621 /* Constant.swift */ = {isa = PBXFileReference; lastKnownFileType = sourcecode.swift; path = Constant.swift; sourceTree = "<group>"; };
/* End PBXFileReference section */

/* Begin PBXFrameworksBuildPhase section */
		F594A9AC20654DBB00870621 /* Frameworks */ = {
			isa = PBXFrameworksBuildPhase;
			buildActionMask = 2147483647;
			files = (
				507D1A50B969DC98344996B7 /* Pods_Mapit.framework in Frameworks */,
			);
			runOnlyForDeploymentPostprocessing = 0;
		};
/* End PBXFrameworksBuildPhase section */

/* Begin PBXGroup section */
		0BF3F6138D82DF360A479F35 /* Pods */ = {
			isa = PBXGroup;
			children = (
				18AA5DB911F65F6E712DA918 /* Pods-Mapit.debug.xcconfig */,
				DF2CE94A43A9F7FA251BD65A /* Pods-Mapit.release.xcconfig */,
			);
			name = Pods;
			sourceTree = "<group>";
		};
		65B1DCC06E7B17E71984903C /* Frameworks */ = {
			isa = PBXGroup;
			children = (
				A5413552DF6D2AF88154CF40 /* Pods_Mapit.framework */,
			);
			name = Frameworks;
			sourceTree = "<group>";
		};
		F594A9A620654DBB00870621 = {
			isa = PBXGroup;
			children = (
				F594A9B120654DBB00870621 /* Mapit */,
				F594A9B020654DBB00870621 /* Products */,
				0BF3F6138D82DF360A479F35 /* Pods */,
				65B1DCC06E7B17E71984903C /* Frameworks */,
			);
			sourceTree = "<group>";
		};
		F594A9B020654DBB00870621 /* Products */ = {
			isa = PBXGroup;
			children = (
				F594A9AF20654DBB00870621 /* Mapit.app */,
			);
			name = Products;
			sourceTree = "<group>";
		};
		F594A9B120654DBB00870621 /* Mapit */ = {
			isa = PBXGroup;
			children = (
				F594A9C720654F9D00870621 /* constants */,
				F594A9C620654F8000870621 /* extensions */,
				F594A9C520654F7900870621 /* view */,
				F594A9C420654F6800870621 /* controller */,
				F594A9B220654DBB00870621 /* AppDelegate.swift */,
				F594A9B620654DBB00870621 /* Main.storyboard */,
				F594A9B920654DBB00870621 /* Assets.xcassets */,
				F594A9BB20654DBB00870621 /* LaunchScreen.storyboard */,
				F594A9BE20654DBB00870621 /* Info.plist */,
			);
			path = Mapit;
			sourceTree = "<group>";
		};
		F594A9C420654F6800870621 /* controller */ = {
			isa = PBXGroup;
			children = (
				F594A9B420654DBB00870621 /* WelcomeVC.swift */,
				F594A9C8206550F900870621 /* MapVC.swift */,
				F594A9CA2065511100870621 /* PopVC.swift */,
			);
			path = controller;
			sourceTree = "<group>";
		};
		F594A9C520654F7900870621 /* view */ = {
			isa = PBXGroup;
			children = (
				F594A9CC2065522400870621 /* DroppablePin.swift */,
				F594A9CE2065524200870621 /* PhotoCell.swift */,
			);
			path = view;
			sourceTree = "<group>";
		};
		F594A9C620654F8000870621 /* extensions */ = {
			isa = PBXGroup;
			children = (
			);
			path = extensions;
			sourceTree = "<group>";
		};
		F594A9C720654F9D00870621 /* constants */ = {
			isa = PBXGroup;
			children = (
				F594A9D02065526100870621 /* Constant.swift */,
			);
			path = constants;
			sourceTree = "<group>";
		};
/* End PBXGroup section */

/* Begin PBXNativeTarget section */
		F594A9AE20654DBB00870621 /* Mapit */ = {
			isa = PBXNativeTarget;
			buildConfigurationList = F594A9C120654DBB00870621 /* Build configuration list for PBXNativeTarget "Mapit" */;
			buildPhases = (
				619A70E127AF799AB6F66AE6 /* [CP] Check Pods Manifest.lock */,
				F594A9AB20654DBB00870621 /* Sources */,
				F594A9AC20654DBB00870621 /* Frameworks */,
				F594A9AD20654DBB00870621 /* Resources */,
				480435C72723E5C6439CA312 /* [CP] Embed Pods Frameworks */,
				20BDF8FA08B92CCD04B54D41 /* [CP] Copy Pods Resources */,
			);
			buildRules = (
			);
			dependencies = (
			);
			name = Mapit;
			productName = Mapit;
			productReference = F594A9AF20654DBB00870621 /* Mapit.app */;
			productType = "com.apple.product-type.application";
		};
/* End PBXNativeTarget section */

/* Begin PBXProject section */
		F594A9A720654DBB00870621 /* Project object */ = {
			isa = PBXProject;
			attributes = {
				LastSwiftUpdateCheck = 0920;
				LastUpgradeCheck = 0920;
				ORGANIZATIONNAME = "Siddhant Sahare";
				TargetAttributes = {
					F594A9AE20654DBB00870621 = {
						CreatedOnToolsVersion = 9.2;
						ProvisioningStyle = Automatic;
					};
				};
			};
			buildConfigurationList = F594A9AA20654DBB00870621 /* Build configuration list for PBXProject "Mapit" */;
			compatibilityVersion = "Xcode 8.0";
			developmentRegion = en;
			hasScannedForEncodings = 0;
			knownRegions = (
				en,
				Base,
			);
			mainGroup = F594A9A620654DBB00870621;
			productRefGroup = F594A9B020654DBB00870621 /* Products */;
			projectDirPath = "";
			projectRoot = "";
			targets = (
				F594A9AE20654DBB00870621 /* Mapit */,
			);
		};
/* End PBXProject section */

/* Begin PBXResourcesBuildPhase section */
		F594A9AD20654DBB00870621 /* Resources */ = {
			isa = PBXResourcesBuildPhase;
			buildActionMask = 2147483647;
			files = (
				F594A9BD20654DBB00870621 /* LaunchScreen.storyboard in Resources */,
				F594A9BA20654DBB00870621 /* Assets.xcassets in Resources */,
				F594A9B820654DBB00870621 /* Main.storyboard in Resources */,
			);
			runOnlyForDeploymentPostprocessing = 0;
		};
/* End PBXResourcesBuildPhase section */

/* Begin PBXShellScriptBuildPhase section */
		20BDF8FA08B92CCD04B54D41 /* [CP] Copy Pods Resources */ = {
			isa = PBXShellScriptBuildPhase;
			buildActionMask = 2147483647;
			files = (
			);
			inputPaths = (
			);
			name = "[CP] Copy Pods Resources";
			outputPaths = (
			);
			runOnlyForDeploymentPostprocessing = 0;
			shellPath = /bin/sh;
			shellScript = "\"${SRCROOT}/Pods/Target Support Files/Pods-Mapit/Pods-Mapit-resources.sh\"\n";
			showEnvVarsInLog = 0;
		};
		480435C72723E5C6439CA312 /* [CP] Embed Pods Frameworks */ = {
			isa = PBXShellScriptBuildPhase;
			buildActionMask = 2147483647;
			files = (
			);
			inputPaths = (
				"${SRCROOT}/Pods/Target Support Files/Pods-Mapit/Pods-Mapit-frameworks.sh",
				"${BUILT_PRODUCTS_DIR}/Alamofire/Alamofire.framework",
				"${BUILT_PRODUCTS_DIR}/AlamofireImage/AlamofireImage.framework",
			);
			name = "[CP] Embed Pods Frameworks";
			outputPaths = (
				"${TARGET_BUILD_DIR}/${FRAMEWORKS_FOLDER_PATH}/Alamofire.framework",
				"${TARGET_BUILD_DIR}/${FRAMEWORKS_FOLDER_PATH}/AlamofireImage.framework",
			);
			runOnlyForDeploymentPostprocessing = 0;
			shellPath = /bin/sh;
			shellScript = "\"${SRCROOT}/Pods/Target Support Files/Pods-Mapit/Pods-Mapit-frameworks.sh\"\n";
			showEnvVarsInLog = 0;
		};
		619A70E127AF799AB6F66AE6 /* [CP] Check Pods Manifest.lock */ = {
			isa = PBXShellScriptBuildPhase;
			buildActionMask = 2147483647;
			files = (
			);
			inputPaths = (
				"${PODS_PODFILE_DIR_PATH}/Podfile.lock",
				"${PODS_ROOT}/Manifest.lock",
			);
			name = "[CP] Check Pods Manifest.lock";
			outputPaths = (
				"$(DERIVED_FILE_DIR)/Pods-Mapit-checkManifestLockResult.txt",
			);
			runOnlyForDeploymentPostprocessing = 0;
			shellPath = /bin/sh;
			shellScript = "diff \"${PODS_PODFILE_DIR_PATH}/Podfile.lock\" \"${PODS_ROOT}/Manifest.lock\" > /dev/null\nif [ $? != 0 ] ; then\n    # print error to STDERR\n    echo \"error: The sandbox is not in sync with the Podfile.lock. Run 'pod install' or update your CocoaPods installation.\" >&2\n    exit 1\nfi\n# This output is used by Xcode 'outputs' to avoid re-running this script phase.\necho \"SUCCESS\" > \"${SCRIPT_OUTPUT_FILE_0}\"\n";
			showEnvVarsInLog = 0;
		};
/* End PBXShellScriptBuildPhase section */

/* Begin PBXSourcesBuildPhase section */
		F594A9AB20654DBB00870621 /* Sources */ = {
			isa = PBXSourcesBuildPhase;
			buildActionMask = 2147483647;
			files = (
				F594A9D12065526100870621 /* Constant.swift in Sources */,
				F594A9B520654DBB00870621 /* WelcomeVC.swift in Sources */,
				F594A9C9206550F900870621 /* MapVC.swift in Sources */,
				F594A9CD2065522400870621 /* DroppablePin.swift in Sources */,
				F594A9CB2065511100870621 /* PopVC.swift in Sources */,
				F594A9CF2065524200870621 /* PhotoCell.swift in Sources */,
				F594A9B320654DBB00870621 /* AppDelegate.swift in Sources */,
			);
			runOnlyForDeploymentPostprocessing = 0;
		};
/* End PBXSourcesBuildPhase section */

/* Begin PBXVariantGroup section */
		F594A9B620654DBB00870621 /* Main.storyboard */ = {
			isa = PBXVariantGroup;
			children = (
				F594A9B720654DBB00870621 /* Base */,
			);
			name = Main.storyboard;
			sourceTree = "<group>";
		};
		F594A9BB20654DBB00870621 /* LaunchScreen.storyboard */ = {
			isa = PBXVariantGroup;
			children = (
				F594A9BC20654DBB00870621 /* Base */,
			);
			name = LaunchScreen.storyboard;
			sourceTree = "<group>";
		};
/* End PBXVariantGroup section */

/* Begin XCBuildConfiguration section */
		F594A9BF20654DBB00870621 /* Debug */ = {
			isa = XCBuildConfiguration;
			buildSettings = {
				ALWAYS_SEARCH_USER_PATHS = NO;
				CLANG_ANALYZER_NONNULL = YES;
				CLANG_ANALYZER_NUMBER_OBJECT_CONVERSION = YES_AGGRESSIVE;
				CLANG_CXX_LANGUAGE_STANDARD = "gnu++14";
				CLANG_CXX_LIBRARY = "libc++";
				CLANG_ENABLE_MODULES = YES;
				CLANG_ENABLE_OBJC_ARC = YES;
				CLANG_WARN_BLOCK_CAPTURE_AUTORELEASING = YES;
				CLANG_WARN_BOOL_CONVERSION = YES;
				CLANG_WARN_COMMA = YES;
				CLANG_WARN_CONSTANT_CONVERSION = YES;
				CLANG_WARN_DIRECT_OBJC_ISA_USAGE = YES_ERROR;
				CLANG_WARN_DOCUMENTATION_COMMENTS = YES;
				CLANG_WARN_EMPTY_BODY = YES;
				CLANG_WARN_ENUM_CONVERSION = YES;
				CLANG_WARN_INFINITE_RECURSION = YES;
				CLANG_WARN_INT_CONVERSION = YES;
				CLANG_WARN_NON_LITERAL_NULL_CONVERSION = YES;
				CLANG_WARN_OBJC_LITERAL_CONVERSION = YES;
				CLANG_WARN_OBJC_ROOT_CLASS = YES_ERROR;
				CLANG_WARN_RANGE_LOOP_ANALYSIS = YES;
				CLANG_WARN_STRICT_PROTOTYPES = YES;
				CLANG_WARN_SUSPICIOUS_MOVE = YES;
				CLANG_WARN_UNGUARDED_AVAILABILITY = YES_AGGRESSIVE;
				CLANG_WARN_UNREACHABLE_CODE = YES;
				CLANG_WARN__DUPLICATE_METHOD_MATCH = YES;
				CODE_SIGN_IDENTITY = "iPhone Developer";
				COPY_PHASE_STRIP = NO;
				DEBUG_INFORMATION_FORMAT = dwarf;
				ENABLE_STRICT_OBJC_MSGSEND = YES;
				ENABLE_TESTABILITY = YES;
				GCC_C_LANGUAGE_STANDARD = gnu11;
				GCC_DYNAMIC_NO_PIC = NO;
				GCC_NO_COMMON_BLOCKS = YES;
				GCC_OPTIMIZATION_LEVEL = 0;
				GCC_PREPROCESSOR_DEFINITIONS = (
					"DEBUG=1",
					"$(inherited)",
				);
				GCC_WARN_64_TO_32_BIT_CONVERSION = YES;
				GCC_WARN_ABOUT_RETURN_TYPE = YES_ERROR;
				GCC_WARN_UNDECLARED_SELECTOR = YES;
				GCC_WARN_UNINITIALIZED_AUTOS = YES_AGGRESSIVE;
				GCC_WARN_UNUSED_FUNCTION = YES;
				GCC_WARN_UNUSED_VARIABLE = YES;
				IPHONEOS_DEPLOYMENT_TARGET = 11.2;
				MTL_ENABLE_DEBUG_INFO = YES;
				ONLY_ACTIVE_ARCH = YES;
				SDKROOT = iphoneos;
				SWIFT_ACTIVE_COMPILATION_CONDITIONS = DEBUG;
				SWIFT_OPTIMIZATION_LEVEL = "-Onone";
			};
			name = Debug;
		};
		F594A9C020654DBB00870621 /* Release */ = {
			isa = XCBuildConfiguration;
			buildSettings = {
				ALWAYS_SEARCH_USER_PATHS = NO;
				CLANG_ANALYZER_NONNULL = YES;
				CLANG_ANALYZER_NUMBER_OBJECT_CONVERSION = YES_AGGRESSIVE;
				CLANG_CXX_LANGUAGE_STANDARD = "gnu++14";
				CLANG_CXX_LIBRARY = "libc++";
				CLANG_ENABLE_MODULES = YES;
				CLANG_ENABLE_OBJC_ARC = YES;
				CLANG_WARN_BLOCK_CAPTURE_AUTORELEASING = YES;
				CLANG_WARN_BOOL_CONVERSION = YES;
				CLANG_WARN_COMMA = YES;
				CLANG_WARN_CONSTANT_CONVERSION = YES;
				CLANG_WARN_DIRECT_OBJC_ISA_USAGE = YES_ERROR;
				CLANG_WARN_DOCUMENTATION_COMMENTS = YES;
				CLANG_WARN_EMPTY_BODY = YES;
				CLANG_WARN_ENUM_CONVERSION = YES;
				CLANG_WARN_INFINITE_RECURSION = YES;
				CLANG_WARN_INT_CONVERSION = YES;
				CLANG_WARN_NON_LITERAL_NULL_CONVERSION = YES;
				CLANG_WARN_OBJC_LITERAL_CONVERSION = YES;
				CLANG_WARN_OBJC_ROOT_CLASS = YES_ERROR;
				CLANG_WARN_RANGE_LOOP_ANALYSIS = YES;
				CLANG_WARN_STRICT_PROTOTYPES = YES;
				CLANG_WARN_SUSPICIOUS_MOVE = YES;
				CLANG_WARN_UNGUARDED_AVAILABILITY = YES_AGGRESSIVE;
				CLANG_WARN_UNREACHABLE_CODE = YES;
				CLANG_WARN__DUPLICATE_METHOD_MATCH = YES;
				CODE_SIGN_IDENTITY = "iPhone Developer";
				COPY_PHASE_STRIP = NO;
				DEBUG_INFORMATION_FORMAT = "dwarf-with-dsym";
				ENABLE_NS_ASSERTIONS = NO;
				ENABLE_STRICT_OBJC_MSGSEND = YES;
				GCC_C_LANGUAGE_STANDARD = gnu11;
				GCC_NO_COMMON_BLOCKS = YES;
				GCC_WARN_64_TO_32_BIT_CONVERSION = YES;
				GCC_WARN_ABOUT_RETURN_TYPE = YES_ERROR;
				GCC_WARN_UNDECLARED_SELECTOR = YES;
				GCC_WARN_UNINITIALIZED_AUTOS = YES_AGGRESSIVE;
				GCC_WARN_UNUSED_FUNCTION = YES;
				GCC_WARN_UNUSED_VARIABLE = YES;
				IPHONEOS_DEPLOYMENT_TARGET = 11.2;
				MTL_ENABLE_DEBUG_INFO = NO;
				SDKROOT = iphoneos;
				SWIFT_OPTIMIZATION_LEVEL = "-Owholemodule";
				VALIDATE_PRODUCT = YES;
			};
			name = Release;
		};
		F594A9C220654DBB00870621 /* Debug */ = {
			isa = XCBuildConfiguration;
			baseConfigurationReference = 18AA5DB911F65F6E712DA918 /* Pods-Mapit.debug.xcconfig */;
			buildSettings = {
				ASSETCATALOG_COMPILER_APPICON_NAME = AppIcon;
				CODE_SIGN_STYLE = Automatic;
				DEVELOPMENT_TEAM = 4EZLQJ9M65;
				INFOPLIST_FILE = Mapit/Info.plist;
				LD_RUNPATH_SEARCH_PATHS = "$(inherited) @executable_path/Frameworks";
				PRODUCT_BUNDLE_IDENTIFIER = "com.Siddhant-Sahare.Mapit";
				PRODUCT_NAME = "$(TARGET_NAME)";
				SWIFT_VERSION = 4.0;
				TARGETED_DEVICE_FAMILY = "1,2";
			};
			name = Debug;
		};
		F594A9C320654DBB00870621 /* Release */ = {
			isa = XCBuildConfiguration;
			baseConfigurationReference = DF2CE94A43A9F7FA251BD65A /* Pods-Mapit.release.xcconfig */;
			buildSettings = {
				ASSETCATALOG_COMPILER_APPICON_NAME = AppIcon;
				CODE_SIGN_STYLE = Automatic;
				DEVELOPMENT_TEAM = 4EZLQJ9M65;
				INFOPLIST_FILE = Mapit/Info.plist;
				LD_RUNPATH_SEARCH_PATHS = "$(inherited) @executable_path/Frameworks";
				PRODUCT_BUNDLE_IDENTIFIER = "com.Siddhant-Sahare.Mapit";
				PRODUCT_NAME = "$(TARGET_NAME)";
				SWIFT_VERSION = 4.0;
				TARGETED_DEVICE_FAMILY = "1,2";
			};
			name = Release;
		};
/* End XCBuildConfiguration section */

/* Begin XCConfigurationList section */
		F594A9AA20654DBB00870621 /* Build configuration list for PBXProject "Mapit" */ = {
			isa = XCConfigurationList;
			buildConfigurations = (
				F594A9BF20654DBB00870621 /* Debug */,
				F594A9C020654DBB00870621 /* Release */,
			);
			defaultConfigurationIsVisible = 0;
			defaultConfigurationName = Release;
		};
		F594A9C120654DBB00870621 /* Build configuration list for PBXNativeTarget "Mapit" */ = {
			isa = XCConfigurationList;
			buildConfigurations = (
				F594A9C220654DBB00870621 /* Debug */,
				F594A9C320654DBB00870621 /* Release */,
			);
			defaultConfigurationIsVisible = 0;
			defaultConfigurationName = Release;
		};
/* End XCConfigurationList section */
	};
	rootObject = F594A9A720654DBB00870621 /* Project object */;
}
